
Microsoft Visual Studio Solution File, Format Version 12.00
# Visual Studio Version 16
VisualStudioVersion = 16.0.30225.117
MinimumVisualStudioVersion = 10.0.40219.1
Project("{FAE04EC0-301F-11D3-BF4B-00C04F79EFBC}") = "ElectricShop.Web", "ElectricShop.Web\ElectricShop.Web.csproj", "{8E3CD22C-2C54-47F2-9FE4-E49A429F1A08}"
EndProject
Project("{FAE04EC0-301F-11D3-BF4B-00C04F79EFBC}") = "ElectricShop.Data", "ElectricShop.Data\ElectricShop.Data.csproj", "{C479408C-1084-4D63-8300-84AEA977D037}"
EndProject
Project("{FAE04EC0-301F-11D3-BF4B-00C04F79EFBC}") = "ElectricShop.Logic", "ElectricShop.Logic\ElectricShop.Logic.csproj", "{B17D8407-552F-4EB1-AAC9-439EDFD82131}"
EndProject
Project("{FAE04EC0-301F-11D3-BF4B-00C04F79EFBC}") = "ElectricShop.Common", "ElectricShop.Common\ElectricShop.Common.csproj", "{7A15ADD8-66C9-4DF8-B9CB-AD8BBE7C52F7}"
EndProject
Project("{FAE04EC0-301F-11D3-BF4B-00C04F79EFBC}") = "ElectricShop.Tests", "ElectricShop.Tests\ElectricShop.Tests.csproj", "{0B4D27D4-E22A-496F-851A-BB7D4D43A53A}"
EndProject
Global
	GlobalSection(SolutionConfigurationPlatforms) = preSolution
		Debug|Any CPU = Debug|Any CPU
		Release|Any CPU = Release|Any CPU
	EndGlobalSection
	GlobalSection(ProjectConfigurationPlatforms) = postSolution
		{8E3CD22C-2C54-47F2-9FE4-E49A429F1A08}.Debug|Any CPU.ActiveCfg = Debug|Any CPU
		{8E3CD22C-2C54-47F2-9FE4-E49A429F1A08}.Debug|Any CPU.Build.0 = Debug|Any CPU
		{8E3CD22C-2C54-47F2-9FE4-E49A429F1A08}.Release|Any CPU.ActiveCfg = Release|Any CPU
		{8E3CD22C-2C54-47F2-9FE4-E49A429F1A08}.Release|Any CPU.Build.0 = Release|Any CPU
		{C479408C-1084-4D63-8300-84AEA977D037}.Debug|Any CPU.ActiveCfg = Debug|Any CPU
		{C479408C-1084-4D63-8300-84AEA977D037}.Debug|Any CPU.Build.0 = Debug|Any CPU
		{C479408C-1084-4D63-8300-84AEA977D037}.Release|Any CPU.ActiveCfg = Release|Any CPU
		{C479408C-1084-4D63-8300-84AEA977D037}.Release|Any CPU.Build.0 = Release|Any CPU
		{B17D8407-552F-4EB1-AAC9-439EDFD82131}.Debug|Any CPU.ActiveCfg = Debug|Any CPU
		{B17D8407-552F-4EB1-AAC9-439EDFD82131}.Debug|Any CPU.Build.0 = Debug|Any CPU
		{B17D8407-552F-4EB1-AAC9-439EDFD82131}.Release|Any CPU.ActiveCfg = Release|Any CPU
		{B17D8407-552F-4EB1-AAC9-439EDFD82131}.Release|Any CPU.Build.0 = Release|Any CPU
		{7A15ADD8-66C9-4DF8-B9CB-AD8BBE7C52F7}.Debug|Any CPU.ActiveCfg = Debug|Any CPU
		{7A15ADD8-66C9-4DF8-B9CB-AD8BBE7C52F7}.Debug|Any CPU.Build.0 = Debug|Any CPU
		{7A15ADD8-66C9-4DF8-B9CB-AD8BBE7C52F7}.Release|Any CPU.ActiveCfg = Release|Any CPU
		{7A15ADD8-66C9-4DF8-B9CB-AD8BBE7C52F7}.Release|Any CPU.Build.0 = Release|Any CPU
		{0B4D27D4-E22A-496F-851A-BB7D4D43A53A}.Debug|Any CPU.ActiveCfg = Debug|Any CPU
		{0B4D27D4-E22A-496F-851A-BB7D4D43A53A}.Debug|Any CPU.Build.0 = Debug|Any CPU
		{0B4D27D4-E22A-496F-851A-BB7D4D43A53A}.Release|Any CPU.ActiveCfg = Release|Any CPU
		{0B4D27D4-E22A-496F-851A-BB7D4D43A53A}.Release|Any CPU.Build.0 = Release|Any CPU
	EndGlobalSection
	GlobalSection(SolutionProperties) = preSolution
		HideSolutionNode = FALSE
	EndGlobalSection
	GlobalSection(ExtensibilityGlobals) = postSolution
		SolutionGuid = {DE7D0083-5CB2-4B27-9477-EB703BA77795}
	EndGlobalSection
EndGlobal
